
Microsoft Visual Studio Solution File, Format Version 12.00
# Visual Studio Version 17
VisualStudioVersion = 17.2.32616.157
MinimumVisualStudioVersion = 10.0.40219.1
Project("{9A19103F-16F7-4668-BE54-9A1E7A4F7556}") = "App.UI", "edu-store\App.UI.csproj", "{186CEE02-FE7F-45F0-8ED9-069F90017FCD}"
EndProject
Project("{9A19103F-16F7-4668-BE54-9A1E7A4F7556}") = "App.Logic", "BusinessLogic\App.Logic.csproj", "{82706787-2D2E-49D0-8BAC-6B138E61DEE0}"
EndProject
Project("{FAE04EC0-301F-11D3-BF4B-00C04F79EFBC}") = "App.Core", "DAL\App.Core.csproj", "{77BDCC02-516A-46F9-B076-6D17EC4BAEDA}"
EndProject
Global
	GlobalSection(SolutionConfigurationPlatforms) = preSolution
		Debug|Any CPU = Debug|Any CPU
		Release|Any CPU = Release|Any CPU
	EndGlobalSection
	GlobalSection(ProjectConfigurationPlatforms) = postSolution
		{186CEE02-FE7F-45F0-8ED9-069F90017FCD}.Debug|Any CPU.ActiveCfg = Debug|Any CPU
		{186CEE02-FE7F-45F0-8ED9-069F90017FCD}.Debug|Any CPU.Build.0 = Debug|Any CPU
		{186CEE02-FE7F-45F0-8ED9-069F90017FCD}.Release|Any CPU.ActiveCfg = Release|Any CPU
		{186CEE02-FE7F-45F0-8ED9-069F90017FCD}.Release|Any CPU.Build.0 = Release|Any CPU
		{82706787-2D2E-49D0-8BAC-6B138E61DEE0}.Debug|Any CPU.ActiveCfg = Debug|Any CPU
		{82706787-2D2E-49D0-8BAC-6B138E61DEE0}.Debug|Any CPU.Build.0 = Debug|Any CPU
		{82706787-2D2E-49D0-8BAC-6B138E61DEE0}.Release|Any CPU.ActiveCfg = Release|Any CPU
		{82706787-2D2E-49D0-8BAC-6B138E61DEE0}.Release|Any CPU.Build.0 = Release|Any CPU
		{77BDCC02-516A-46F9-B076-6D17EC4BAEDA}.Debug|Any CPU.ActiveCfg = Debug|Any CPU
		{77BDCC02-516A-46F9-B076-6D17EC4BAEDA}.Debug|Any CPU.Build.0 = Debug|Any CPU
		{77BDCC02-516A-46F9-B076-6D17EC4BAEDA}.Release|Any CPU.ActiveCfg = Release|Any CPU
		{77BDCC02-516A-46F9-B076-6D17EC4BAEDA}.Release|Any CPU.Build.0 = Release|Any CPU
	EndGlobalSection
	GlobalSection(SolutionProperties) = preSolution
		HideSolutionNode = FALSE
	EndGlobalSection
	GlobalSection(ExtensibilityGlobals) = postSolution
		SolutionGuid = {EB23E768-A24E-471C-BE3E-15F9687FDE9B}
	EndGlobalSection
EndGlobal
