
Microsoft Visual Studio Solution File, Format Version 12.00
# Visual Studio Version 16
VisualStudioVersion = 16.0.32228.343
MinimumVisualStudioVersion = 10.0.40219.1
Project("{FAE04EC0-301F-11D3-BF4B-00C04F79EFBC}") = "edu-store", "edu-store\edu-store.csproj", "{186CEE02-FE7F-45F0-8ED9-069F90017FCD}"
EndProject
Global
	GlobalSection(SolutionConfigurationPlatforms) = preSolution
		Debug|Any CPU = Debug|Any CPU
		Release|Any CPU = Release|Any CPU
	EndGlobalSection
	GlobalSection(ProjectConfigurationPlatforms) = postSolution
		{186CEE02-FE7F-45F0-8ED9-069F90017FCD}.Debug|Any CPU.ActiveCfg = Debug|Any CPU
		{186CEE02-FE7F-45F0-8ED9-069F90017FCD}.Debug|Any CPU.Build.0 = Debug|Any CPU
		{186CEE02-FE7F-45F0-8ED9-069F90017FCD}.Release|Any CPU.ActiveCfg = Release|Any CPU
		{186CEE02-FE7F-45F0-8ED9-069F90017FCD}.Release|Any CPU.Build.0 = Release|Any CPU
	EndGlobalSection
	GlobalSection(SolutionProperties) = preSolution
		HideSolutionNode = FALSE
	EndGlobalSection
	GlobalSection(ExtensibilityGlobals) = postSolution
		SolutionGuid = {EB23E768-A24E-471C-BE3E-15F9687FDE9B}
	EndGlobalSection
EndGlobal
