
Microsoft Visual Studio Solution File, Format Version 12.00
# Visual Studio Version 16
VisualStudioVersion = 16.0.32228.343
MinimumVisualStudioVersion = 10.0.40219.1
Project("{9A19103F-16F7-4668-BE54-9A1E7A4F7556}") = "edu-store", "edu-store\edu-store.csproj", "{186CEE02-FE7F-45F0-8ED9-069F90017FCD}"
EndProject
Project("{FAE04EC0-301F-11D3-BF4B-00C04F79EFBC}") = "DataAccessLayer", "DataAccessLayer\DataAccessLayer.csproj", "{F0DC6793-0CA8-4AC9-99DA-AF934654A793}"
EndProject
Project("{FAE04EC0-301F-11D3-BF4B-00C04F79EFBC}") = "BusinessLogic", "BusinessLogic\BusinessLogic.csproj", "{82706787-2D2E-49D0-8BAC-6B138E61DEE0}"
EndProject
Global
	GlobalSection(SolutionConfigurationPlatforms) = preSolution
		Debug|Any CPU = Debug|Any CPU
		Release|Any CPU = Release|Any CPU
	EndGlobalSection
	GlobalSection(ProjectConfigurationPlatforms) = postSolution
		{186CEE02-FE7F-45F0-8ED9-069F90017FCD}.Debug|Any CPU.ActiveCfg = Debug|Any CPU
		{186CEE02-FE7F-45F0-8ED9-069F90017FCD}.Debug|Any CPU.Build.0 = Debug|Any CPU
		{186CEE02-FE7F-45F0-8ED9-069F90017FCD}.Release|Any CPU.ActiveCfg = Release|Any CPU
		{186CEE02-FE7F-45F0-8ED9-069F90017FCD}.Release|Any CPU.Build.0 = Release|Any CPU
		{F0DC6793-0CA8-4AC9-99DA-AF934654A793}.Debug|Any CPU.ActiveCfg = Debug|Any CPU
		{F0DC6793-0CA8-4AC9-99DA-AF934654A793}.Debug|Any CPU.Build.0 = Debug|Any CPU
		{F0DC6793-0CA8-4AC9-99DA-AF934654A793}.Release|Any CPU.ActiveCfg = Release|Any CPU
		{F0DC6793-0CA8-4AC9-99DA-AF934654A793}.Release|Any CPU.Build.0 = Release|Any CPU
		{82706787-2D2E-49D0-8BAC-6B138E61DEE0}.Debug|Any CPU.ActiveCfg = Debug|Any CPU
		{82706787-2D2E-49D0-8BAC-6B138E61DEE0}.Debug|Any CPU.Build.0 = Debug|Any CPU
		{82706787-2D2E-49D0-8BAC-6B138E61DEE0}.Release|Any CPU.ActiveCfg = Release|Any CPU
		{82706787-2D2E-49D0-8BAC-6B138E61DEE0}.Release|Any CPU.Build.0 = Release|Any CPU
	EndGlobalSection
	GlobalSection(SolutionProperties) = preSolution
		HideSolutionNode = FALSE
	EndGlobalSection
	GlobalSection(ExtensibilityGlobals) = postSolution
		SolutionGuid = {EB23E768-A24E-471C-BE3E-15F9687FDE9B}
	EndGlobalSection
EndGlobal
